
Microsoft Visual Studio Solution File, Format Version 12.00
# Visual Studio Version 16
VisualStudioVersion = 16.0.31112.23
MinimumVisualStudioVersion = 10.0.40219.1
Project("{FAE04EC0-301F-11D3-BF4B-00C04F79EFBC}") = "SoftServe.FileParser", "SoftServe.FileParser\SoftServe.FileParser.csproj", "{BECEED41-C314-4A07-84ED-E680A063ECEA}"
EndProject
Project("{FAE04EC0-301F-11D3-BF4B-00C04F79EFBC}") = "SoftServe.FileParserView", "SoftServe.FileParserView\SoftServe.FileParserView.csproj", "{9EA2B1AE-9A5A-402E-A930-0897B6D4E784}"
EndProject
Global
	GlobalSection(SolutionConfigurationPlatforms) = preSolution
		Debug|Any CPU = Debug|Any CPU
		Release|Any CPU = Release|Any CPU
	EndGlobalSection
	GlobalSection(ProjectConfigurationPlatforms) = postSolution
		{BECEED41-C314-4A07-84ED-E680A063ECEA}.Debug|Any CPU.ActiveCfg = Debug|Any CPU
		{BECEED41-C314-4A07-84ED-E680A063ECEA}.Debug|Any CPU.Build.0 = Debug|Any CPU
		{BECEED41-C314-4A07-84ED-E680A063ECEA}.Release|Any CPU.ActiveCfg = Release|Any CPU
		{BECEED41-C314-4A07-84ED-E680A063ECEA}.Release|Any CPU.Build.0 = Release|Any CPU
		{9EA2B1AE-9A5A-402E-A930-0897B6D4E784}.Debug|Any CPU.ActiveCfg = Debug|Any CPU
		{9EA2B1AE-9A5A-402E-A930-0897B6D4E784}.Debug|Any CPU.Build.0 = Debug|Any CPU
		{9EA2B1AE-9A5A-402E-A930-0897B6D4E784}.Release|Any CPU.ActiveCfg = Release|Any CPU
		{9EA2B1AE-9A5A-402E-A930-0897B6D4E784}.Release|Any CPU.Build.0 = Release|Any CPU
	EndGlobalSection
	GlobalSection(SolutionProperties) = preSolution
		HideSolutionNode = FALSE
	EndGlobalSection
	GlobalSection(ExtensibilityGlobals) = postSolution
		SolutionGuid = {3C6963D2-FE1F-4B6B-8452-5ECB337788AD}
	EndGlobalSection
EndGlobal
